
Microsoft Visual Studio Solution File, Format Version 12.00
# Visual Studio Version 17
VisualStudioVersion = 17.11.35222.181
MinimumVisualStudioVersion = 10.0.40219.1
Project("{FAE04EC0-301F-11D3-BF4B-00C04F79EFBC}") = "Lab2", "Lab2\Lab2.csproj", "{4DC442C8-1E32-499D-BA5F-D7DABE281D8B}"
EndProject
Global
	GlobalSection(SolutionConfigurationPlatforms) = preSolution
		Debug|Any CPU = Debug|Any CPU
		Release|Any CPU = Release|Any CPU
	EndGlobalSection
	GlobalSection(ProjectConfigurationPlatforms) = postSolution
		{4DC442C8-1E32-499D-BA5F-D7DABE281D8B}.Debug|Any CPU.ActiveCfg = Debug|Any CPU
		{4DC442C8-1E32-499D-BA5F-D7DABE281D8B}.Debug|Any CPU.Build.0 = Debug|Any CPU
		{4DC442C8-1E32-499D-BA5F-D7DABE281D8B}.Release|Any CPU.ActiveCfg = Release|Any CPU
		{4DC442C8-1E32-499D-BA5F-D7DABE281D8B}.Release|Any CPU.Build.0 = Release|Any CPU
	EndGlobalSection
	GlobalSection(SolutionProperties) = preSolution
		HideSolutionNode = FALSE
	EndGlobalSection
	GlobalSection(ExtensibilityGlobals) = postSolution
		SolutionGuid = {4231E7F3-77A8-449A-A379-449C981AF169}
	EndGlobalSection
EndGlobal
